# This file is automatically @generated by Poetry 2.3.2 and should not be changed by hand.

[[package]]
name = "docstring-parser"
version = "0.17.0"
description = "Parse Python docstrings in reST, Google and Numpydoc format"
optional = false
python-versions = ">=3.8"
groups = ["main"]
files = [
    {file = "docstring_parser-0.17.0-py3-none-any.whl", hash = "sha256:cf2569abd23dce8099b300f9b4fa8191e9582dda731fd533daf54c4551658708"},
    {file = "docstring_parser-0.17.0.tar.gz", hash = "sha256:583de4a309722b3315439bb31d64ba3eebada841f2e2cee23b99df001434c912"},
]

[package.extras]
dev = ["pre-commit (>=2.16.0) ; python_version >= \"3.9\"", "pydoctor (>=25.4.0)", "pytest"]
docs = ["pydoctor (>=25.4.0)"]
test = ["pytest"]

[metadata]
lock-version = "2.1"
python-versions = ">=3.10"
content-hash = "80df407df80ea6dde8598447209c95367f10bdf24e602adbc363e731ebf8faab"
